
Microsoft Visual Studio Solution File, Format Version 12.00
# Visual Studio Version 17
VisualStudioVersion = 17.14.36109.1
MinimumVisualStudioVersion = 10.0.40219.1
Project("{9A19103F-16F7-4668-BE54-9A1E7A4F7556}") = "ProiectWeb", "ProiectWeb\ProiectWeb.csproj", "{CE8D1133-A8F7-43EE-9F32-882D0E8B01DC}"
EndProject
Global
	GlobalSection(SolutionConfigurationPlatforms) = preSolution
		Debug|Any CPU = Debug|Any CPU
		Release|Any CPU = Release|Any CPU
	EndGlobalSection
	GlobalSection(ProjectConfigurationPlatforms) = postSolution
		{CE8D1133-A8F7-43EE-9F32-882D0E8B01DC}.Debug|Any CPU.ActiveCfg = Debug|Any CPU
		{CE8D1133-A8F7-43EE-9F32-882D0E8B01DC}.Debug|Any CPU.Build.0 = Debug|Any CPU
		{CE8D1133-A8F7-43EE-9F32-882D0E8B01DC}.Release|Any CPU.ActiveCfg = Release|Any CPU
		{CE8D1133-A8F7-43EE-9F32-882D0E8B01DC}.Release|Any CPU.Build.0 = Release|Any CPU
	EndGlobalSection
	GlobalSection(SolutionProperties) = preSolution
		HideSolutionNode = FALSE
	EndGlobalSection
	GlobalSection(ExtensibilityGlobals) = postSolution
		SolutionGuid = {D5CEEC38-7B3E-4D7E-BFA5-32A46D060B7D}
	EndGlobalSection
EndGlobal
